
Microsoft Visual Studio Solution File, Format Version 12.00
# Visual Studio 2013
VisualStudioVersion = 12.0.21005.1
MinimumVisualStudioVersion = 10.0.40219.1
Project("{FAE04EC0-301F-11D3-BF4B-00C04F79EFBC}") = "ePayment.Plugin", "ePayment.Plugin\ePayment.Plugin.csproj", "{BAEC3A66-166B-47BC-B1E2-798EFAFAA283}"
EndProject
Project("{FAE04EC0-301F-11D3-BF4B-00C04F79EFBC}") = "ePayment.Portal", "ePayment.Portal\ePayment.Portal.csproj", "{C6BBFA85-B1F3-49F1-80AB-FC67D4BED38A}"
EndProject
Project("{FAE04EC0-301F-11D3-BF4B-00C04F79EFBC}") = "ePayment.API.Service", "ePayment.API.Service\ePayment.API.Service.csproj", "{CDF09B13-A50E-4C55-87D0-E3F797DE3BB4}"
EndProject
Project("{FAE04EC0-301F-11D3-BF4B-00C04F79EFBC}") = "ePayment.API", "ePayment.API\ePayment.API.csproj", "{2D1EF710-E853-4270-A107-9D32C16CEC4D}"
EndProject
Global
	GlobalSection(TeamFoundationVersionControl) = preSolution
		SccNumberOfProjects = 5
		SccEnterpriseProvider = {4CA58AB2-18FA-4F8D-95D4-32DDF27D184C}
		SccTeamFoundationServer = http://portal:8080/tfs/projects
		SccLocalPath0 = .
		SccProjectUniqueName1 = ePayment.Plugin\\ePayment.Plugin.csproj
		SccProjectName1 = ePayment.Plugin
		SccLocalPath1 = ePayment.Plugin
		SccProjectUniqueName2 = ePayment.Portal\\ePayment.Portal.csproj
		SccProjectName2 = ePayment.Portal
		SccLocalPath2 = ePayment.Portal
		SccProjectUniqueName3 = ePayment.API.Service\\ePayment.API.Service.csproj
		SccProjectName3 = ePayment.API.Service
		SccLocalPath3 = ePayment.API.Service
		SccProjectUniqueName4 = ePayment.API\\ePayment.API.csproj
		SccProjectName4 = ePayment.API
		SccLocalPath4 = ePayment.API
	EndGlobalSection
	GlobalSection(SolutionConfigurationPlatforms) = preSolution
		Debug|Any CPU = Debug|Any CPU
		Release|Any CPU = Release|Any CPU
	EndGlobalSection
	GlobalSection(ProjectConfigurationPlatforms) = postSolution
		{BAEC3A66-166B-47BC-B1E2-798EFAFAA283}.Debug|Any CPU.ActiveCfg = Debug|Any CPU
		{BAEC3A66-166B-47BC-B1E2-798EFAFAA283}.Debug|Any CPU.Build.0 = Debug|Any CPU
		{BAEC3A66-166B-47BC-B1E2-798EFAFAA283}.Release|Any CPU.ActiveCfg = Release|Any CPU
		{BAEC3A66-166B-47BC-B1E2-798EFAFAA283}.Release|Any CPU.Build.0 = Release|Any CPU
		{C6BBFA85-B1F3-49F1-80AB-FC67D4BED38A}.Debug|Any CPU.ActiveCfg = Debug|Any CPU
		{C6BBFA85-B1F3-49F1-80AB-FC67D4BED38A}.Debug|Any CPU.Build.0 = Debug|Any CPU
		{C6BBFA85-B1F3-49F1-80AB-FC67D4BED38A}.Release|Any CPU.ActiveCfg = Release|Any CPU
		{C6BBFA85-B1F3-49F1-80AB-FC67D4BED38A}.Release|Any CPU.Build.0 = Release|Any CPU
		{CDF09B13-A50E-4C55-87D0-E3F797DE3BB4}.Debug|Any CPU.ActiveCfg = Debug|Any CPU
		{CDF09B13-A50E-4C55-87D0-E3F797DE3BB4}.Debug|Any CPU.Build.0 = Debug|Any CPU
		{CDF09B13-A50E-4C55-87D0-E3F797DE3BB4}.Release|Any CPU.ActiveCfg = Release|Any CPU
		{CDF09B13-A50E-4C55-87D0-E3F797DE3BB4}.Release|Any CPU.Build.0 = Release|Any CPU
		{2D1EF710-E853-4270-A107-9D32C16CEC4D}.Debug|Any CPU.ActiveCfg = Debug|Any CPU
		{2D1EF710-E853-4270-A107-9D32C16CEC4D}.Debug|Any CPU.Build.0 = Debug|Any CPU
		{2D1EF710-E853-4270-A107-9D32C16CEC4D}.Release|Any CPU.ActiveCfg = Release|Any CPU
		{2D1EF710-E853-4270-A107-9D32C16CEC4D}.Release|Any CPU.Build.0 = Release|Any CPU
	EndGlobalSection
	GlobalSection(SolutionProperties) = preSolution
		HideSolutionNode = FALSE
	EndGlobalSection
EndGlobal
